PODS:
  - Flutter (1.0.0)
  - geolocator (2.1.1):
    - Flutter
  - "google_api_availability (1.0.6+1)":
    - Flutter
  - google_maps_flutter (0.0.1):
    - Flutter
    - GoogleMaps
  - GoogleMaps (3.1.0):
    - GoogleMaps/Maps (= 3.1.0)
  - GoogleMaps/Base (3.1.0)
  - GoogleMaps/Maps (3.1.0):
    - GoogleMaps/Base
  - permission_handler (2.2.0):
    - Flutter

DEPENDENCIES:
  - Flutter (from `.symlinks/flutter/ios`)
  - geolocator (from `.symlinks/plugins/geolocator/ios`)
  - google_api_availability (from `.symlinks/plugins/google_api_availability/ios`)
  - google_maps_flutter (from `.symlinks/plugins/google_maps_flutter/ios`)
  - permission_handler (from `.symlinks/plugins/permission_handler/ios`)

SPEC REPOS:
  https://github.com/cocoapods/specs.git:
    - GoogleMaps

EXTERNAL SOURCES:
  Flutter:
    :path: ".symlinks/flutter/ios"
  geolocator:
    :path: ".symlinks/plugins/geolocator/ios"
  google_api_availability:
    :path: ".symlinks/plugins/google_api_availability/ios"
  google_maps_flutter:
    :path: ".symlinks/plugins/google_maps_flutter/ios"
  permission_handler:
    :path: ".symlinks/plugins/permission_handler/ios"

SPEC CHECKSUMS:
  Flutter: 58dd7d1b27887414a370fcccb9e645c08ffd7a6a
  geolocator: 7392f34656e08f19d339e8bee0a06877131606bd
  google_api_availability: c8fb86c31d3416435f87bb1110ef6ef05b0cc86a
  google_maps_flutter: 924970f41ec509a201b593548db005efb2a09ee9
  GoogleMaps: 5c13302e6fe6bb6e686b267196586b91cd594225
  permission_handler: 976a8a94c3443d23fe33c11e98277d471f0e543d

PODFILE CHECKSUM: 8943fc8f5fa4a621becda88c25bbe6fd0b552ac1

COCOAPODS: 1.6.1
